
Microsoft Visual Studio Solution File, Format Version 12.00
# Visual Studio Version 17
VisualStudioVersion = 17.4.33122.133
MinimumVisualStudioVersion = 10.0.40219.1
Project("{FAE04EC0-301F-11D3-BF4B-00C04F79EFBC}") = "FinalSE", "FinalSE\FinalSE.csproj", "{649047ED-8C7D-4A04-8AD5-0697CD7AD280}"
EndProject
Global
	GlobalSection(SolutionConfigurationPlatforms) = preSolution
		Debug|Any CPU = Debug|Any CPU
		Release|Any CPU = Release|Any CPU
	EndGlobalSection
	GlobalSection(ProjectConfigurationPlatforms) = postSolution
		{649047ED-8C7D-4A04-8AD5-0697CD7AD280}.Debug|Any CPU.ActiveCfg = Debug|Any CPU
		{649047ED-8C7D-4A04-8AD5-0697CD7AD280}.Debug|Any CPU.Build.0 = Debug|Any CPU
		{649047ED-8C7D-4A04-8AD5-0697CD7AD280}.Release|Any CPU.ActiveCfg = Release|Any CPU
		{649047ED-8C7D-4A04-8AD5-0697CD7AD280}.Release|Any CPU.Build.0 = Release|Any CPU
	EndGlobalSection
	GlobalSection(SolutionProperties) = preSolution
		HideSolutionNode = FALSE
	EndGlobalSection
	GlobalSection(ExtensibilityGlobals) = postSolution
		SolutionGuid = {1860CFA2-EC4D-487B-A3F5-90C31168E3F3}
	EndGlobalSection
EndGlobal
